
Microsoft Visual Studio Solution File, Format Version 12.00
# Visual Studio 15
VisualStudioVersion = 15.0.26124.0
MinimumVisualStudioVersion = 15.0.26124.0
Project("{9A19103F-16F7-4668-BE54-9A1E7A4F7556}") = "CoreDemo.Api", "CoreDemo.Api\CoreDemo.Api.csproj", "{0F5A895A-17C7-4BBC-BBE7-570AC69F4F3F}"
EndProject
Project("{9A19103F-16F7-4668-BE54-9A1E7A4F7556}") = "CoreDemo.Core", "CoreDemo.Core\CoreDemo.Core.csproj", "{0B717E29-1012-434B-B22A-7DC1A15CC52E}"
EndProject
Project("{9A19103F-16F7-4668-BE54-9A1E7A4F7556}") = "CoreDemo.Entity", "CoreDemo.Entity\CoreDemo.Entity.csproj", "{F1B78750-D390-46CA-AED4-26A9633C509C}"
EndProject
Project("{9A19103F-16F7-4668-BE54-9A1E7A4F7556}") = "CoreDemo.Service", "CoreDemo.Service\CoreDemo.Service.csproj", "{5D5EE52C-BD4D-4DBC-8D80-2BE4BB835078}"
EndProject
Project("{9A19103F-16F7-4668-BE54-9A1E7A4F7556}") = "CoreDemo.Web", "CoreDemo.Web\CoreDemo.Web.csproj", "{075C3500-49CB-4C7C-AAD4-7A44D1952A84}"
EndProject
Project("{FAE04EC0-301F-11D3-BF4B-00C04F79EFBC}") = "CoreTest", "CoreTest\CoreTest.csproj", "{DD2C35B0-233A-4051-80F4-A00CAD298F2D}"
EndProject
Global
	GlobalSection(SolutionConfigurationPlatforms) = preSolution
		Debug|Any CPU = Debug|Any CPU
		Debug|x64 = Debug|x64
		Debug|x86 = Debug|x86
		Release|Any CPU = Release|Any CPU
		Release|x64 = Release|x64
		Release|x86 = Release|x86
	EndGlobalSection
	GlobalSection(ProjectConfigurationPlatforms) = postSolution
		{0F5A895A-17C7-4BBC-BBE7-570AC69F4F3F}.Debug|Any CPU.ActiveCfg = Debug|Any CPU
		{0F5A895A-17C7-4BBC-BBE7-570AC69F4F3F}.Debug|Any CPU.Build.0 = Debug|Any CPU
		{0F5A895A-17C7-4BBC-BBE7-570AC69F4F3F}.Debug|x64.ActiveCfg = Debug|Any CPU
		{0F5A895A-17C7-4BBC-BBE7-570AC69F4F3F}.Debug|x64.Build.0 = Debug|Any CPU
		{0F5A895A-17C7-4BBC-BBE7-570AC69F4F3F}.Debug|x86.ActiveCfg = Debug|Any CPU
		{0F5A895A-17C7-4BBC-BBE7-570AC69F4F3F}.Debug|x86.Build.0 = Debug|Any CPU
		{0F5A895A-17C7-4BBC-BBE7-570AC69F4F3F}.Release|Any CPU.ActiveCfg = Release|Any CPU
		{0F5A895A-17C7-4BBC-BBE7-570AC69F4F3F}.Release|Any CPU.Build.0 = Release|Any CPU
		{0F5A895A-17C7-4BBC-BBE7-570AC69F4F3F}.Release|x64.ActiveCfg = Release|Any CPU
		{0F5A895A-17C7-4BBC-BBE7-570AC69F4F3F}.Release|x64.Build.0 = Release|Any CPU
		{0F5A895A-17C7-4BBC-BBE7-570AC69F4F3F}.Release|x86.ActiveCfg = Release|Any CPU
		{0F5A895A-17C7-4BBC-BBE7-570AC69F4F3F}.Release|x86.Build.0 = Release|Any CPU
		{0B717E29-1012-434B-B22A-7DC1A15CC52E}.Debug|Any CPU.ActiveCfg = Debug|Any CPU
		{0B717E29-1012-434B-B22A-7DC1A15CC52E}.Debug|Any CPU.Build.0 = Debug|Any CPU
		{0B717E29-1012-434B-B22A-7DC1A15CC52E}.Debug|x64.ActiveCfg = Debug|Any CPU
		{0B717E29-1012-434B-B22A-7DC1A15CC52E}.Debug|x64.Build.0 = Debug|Any CPU
		{0B717E29-1012-434B-B22A-7DC1A15CC52E}.Debug|x86.ActiveCfg = Debug|Any CPU
		{0B717E29-1012-434B-B22A-7DC1A15CC52E}.Debug|x86.Build.0 = Debug|Any CPU
		{0B717E29-1012-434B-B22A-7DC1A15CC52E}.Release|Any CPU.ActiveCfg = Release|Any CPU
		{0B717E29-1012-434B-B22A-7DC1A15CC52E}.Release|Any CPU.Build.0 = Release|Any CPU
		{0B717E29-1012-434B-B22A-7DC1A15CC52E}.Release|x64.ActiveCfg = Release|Any CPU
		{0B717E29-1012-434B-B22A-7DC1A15CC52E}.Release|x64.Build.0 = Release|Any CPU
		{0B717E29-1012-434B-B22A-7DC1A15CC52E}.Release|x86.ActiveCfg = Release|Any CPU
		{0B717E29-1012-434B-B22A-7DC1A15CC52E}.Release|x86.Build.0 = Release|Any CPU
		{F1B78750-D390-46CA-AED4-26A9633C509C}.Debug|Any CPU.ActiveCfg = Debug|Any CPU
		{F1B78750-D390-46CA-AED4-26A9633C509C}.Debug|Any CPU.Build.0 = Debug|Any CPU
		{F1B78750-D390-46CA-AED4-26A9633C509C}.Debug|x64.ActiveCfg = Debug|Any CPU
		{F1B78750-D390-46CA-AED4-26A9633C509C}.Debug|x64.Build.0 = Debug|Any CPU
		{F1B78750-D390-46CA-AED4-26A9633C509C}.Debug|x86.ActiveCfg = Debug|Any CPU
		{F1B78750-D390-46CA-AED4-26A9633C509C}.Debug|x86.Build.0 = Debug|Any CPU
		{F1B78750-D390-46CA-AED4-26A9633C509C}.Release|Any CPU.ActiveCfg = Release|Any CPU
		{F1B78750-D390-46CA-AED4-26A9633C509C}.Release|Any CPU.Build.0 = Release|Any CPU
		{F1B78750-D390-46CA-AED4-26A9633C509C}.Release|x64.ActiveCfg = Release|Any CPU
		{F1B78750-D390-46CA-AED4-26A9633C509C}.Release|x64.Build.0 = Release|Any CPU
		{F1B78750-D390-46CA-AED4-26A9633C509C}.Release|x86.ActiveCfg = Release|Any CPU
		{F1B78750-D390-46CA-AED4-26A9633C509C}.Release|x86.Build.0 = Release|Any CPU
		{5D5EE52C-BD4D-4DBC-8D80-2BE4BB835078}.Debug|Any CPU.ActiveCfg = Debug|Any CPU
		{5D5EE52C-BD4D-4DBC-8D80-2BE4BB835078}.Debug|Any CPU.Build.0 = Debug|Any CPU
		{5D5EE52C-BD4D-4DBC-8D80-2BE4BB835078}.Debug|x64.ActiveCfg = Debug|Any CPU
		{5D5EE52C-BD4D-4DBC-8D80-2BE4BB835078}.Debug|x64.Build.0 = Debug|Any CPU
		{5D5EE52C-BD4D-4DBC-8D80-2BE4BB835078}.Debug|x86.ActiveCfg = Debug|Any CPU
		{5D5EE52C-BD4D-4DBC-8D80-2BE4BB835078}.Debug|x86.Build.0 = Debug|Any CPU
		{5D5EE52C-BD4D-4DBC-8D80-2BE4BB835078}.Release|Any CPU.ActiveCfg = Release|Any CPU
		{5D5EE52C-BD4D-4DBC-8D80-2BE4BB835078}.Release|Any CPU.Build.0 = Release|Any CPU
		{5D5EE52C-BD4D-4DBC-8D80-2BE4BB835078}.Release|x64.ActiveCfg = Release|Any CPU
		{5D5EE52C-BD4D-4DBC-8D80-2BE4BB835078}.Release|x64.Build.0 = Release|Any CPU
		{5D5EE52C-BD4D-4DBC-8D80-2BE4BB835078}.Release|x86.ActiveCfg = Release|Any CPU
		{5D5EE52C-BD4D-4DBC-8D80-2BE4BB835078}.Release|x86.Build.0 = Release|Any CPU
		{075C3500-49CB-4C7C-AAD4-7A44D1952A84}.Debug|Any CPU.ActiveCfg = Debug|Any CPU
		{075C3500-49CB-4C7C-AAD4-7A44D1952A84}.Debug|Any CPU.Build.0 = Debug|Any CPU
		{075C3500-49CB-4C7C-AAD4-7A44D1952A84}.Debug|x64.ActiveCfg = Debug|Any CPU
		{075C3500-49CB-4C7C-AAD4-7A44D1952A84}.Debug|x64.Build.0 = Debug|Any CPU
		{075C3500-49CB-4C7C-AAD4-7A44D1952A84}.Debug|x86.ActiveCfg = Debug|Any CPU
		{075C3500-49CB-4C7C-AAD4-7A44D1952A84}.Debug|x86.Build.0 = Debug|Any CPU
		{075C3500-49CB-4C7C-AAD4-7A44D1952A84}.Release|Any CPU.ActiveCfg = Release|Any CPU
		{075C3500-49CB-4C7C-AAD4-7A44D1952A84}.Release|Any CPU.Build.0 = Release|Any CPU
		{075C3500-49CB-4C7C-AAD4-7A44D1952A84}.Release|x64.ActiveCfg = Release|Any CPU
		{075C3500-49CB-4C7C-AAD4-7A44D1952A84}.Release|x64.Build.0 = Release|Any CPU
		{075C3500-49CB-4C7C-AAD4-7A44D1952A84}.Release|x86.ActiveCfg = Release|Any CPU
		{075C3500-49CB-4C7C-AAD4-7A44D1952A84}.Release|x86.Build.0 = Release|Any CPU
		{DD2C35B0-233A-4051-80F4-A00CAD298F2D}.Debug|Any CPU.ActiveCfg = Debug|Any CPU
		{DD2C35B0-233A-4051-80F4-A00CAD298F2D}.Debug|Any CPU.Build.0 = Debug|Any CPU
		{DD2C35B0-233A-4051-80F4-A00CAD298F2D}.Debug|x64.ActiveCfg = Debug|Any CPU
		{DD2C35B0-233A-4051-80F4-A00CAD298F2D}.Debug|x64.Build.0 = Debug|Any CPU
		{DD2C35B0-233A-4051-80F4-A00CAD298F2D}.Debug|x86.ActiveCfg = Debug|Any CPU
		{DD2C35B0-233A-4051-80F4-A00CAD298F2D}.Debug|x86.Build.0 = Debug|Any CPU
		{DD2C35B0-233A-4051-80F4-A00CAD298F2D}.Release|Any CPU.ActiveCfg = Release|Any CPU
		{DD2C35B0-233A-4051-80F4-A00CAD298F2D}.Release|Any CPU.Build.0 = Release|Any CPU
		{DD2C35B0-233A-4051-80F4-A00CAD298F2D}.Release|x64.ActiveCfg = Release|Any CPU
		{DD2C35B0-233A-4051-80F4-A00CAD298F2D}.Release|x64.Build.0 = Release|Any CPU
		{DD2C35B0-233A-4051-80F4-A00CAD298F2D}.Release|x86.ActiveCfg = Release|Any CPU
		{DD2C35B0-233A-4051-80F4-A00CAD298F2D}.Release|x86.Build.0 = Release|Any CPU
	EndGlobalSection
	GlobalSection(SolutionProperties) = preSolution
		HideSolutionNode = FALSE
	EndGlobalSection
	GlobalSection(ExtensibilityGlobals) = postSolution
		SolutionGuid = {7400E3FB-C95B-4232-B40F-D5090A98A69D}
	EndGlobalSection
EndGlobal
